
Microsoft Visual Studio Solution File, Format Version 12.00
# Visual Studio Version 17
VisualStudioVersion = 17.8.34330.188
MinimumVisualStudioVersion = 10.0.40219.1
Project("{FAE04EC0-301F-11D3-BF4B-00C04F79EFBC}") = "oop-pojazdy", "oop-pojazdy.csproj", "{7ED1F480-FA08-4E24-A619-ABEC8C9C86E4}"
EndProject
Global
	GlobalSection(SolutionConfigurationPlatforms) = preSolution
		Debug|Any CPU = Debug|Any CPU
		Release|Any CPU = Release|Any CPU
	EndGlobalSection
	GlobalSection(ProjectConfigurationPlatforms) = postSolution
		{7ED1F480-FA08-4E24-A619-ABEC8C9C86E4}.Debug|Any CPU.ActiveCfg = Debug|Any CPU
		{7ED1F480-FA08-4E24-A619-ABEC8C9C86E4}.Debug|Any CPU.Build.0 = Debug|Any CPU
		{7ED1F480-FA08-4E24-A619-ABEC8C9C86E4}.Release|Any CPU.ActiveCfg = Release|Any CPU
		{7ED1F480-FA08-4E24-A619-ABEC8C9C86E4}.Release|Any CPU.Build.0 = Release|Any CPU
	EndGlobalSection
	GlobalSection(SolutionProperties) = preSolution
		HideSolutionNode = FALSE
	EndGlobalSection
	GlobalSection(ExtensibilityGlobals) = postSolution
		SolutionGuid = {ADA6FAE8-AE9D-4F77-875B-402F89D3860A}
	EndGlobalSection
EndGlobal
