
Microsoft Visual Studio Solution File, Format Version 12.00
# Visual Studio Version 17
VisualStudioVersion = 17.8.34330.188
MinimumVisualStudioVersion = 10.0.40219.1
Project("{FAE04EC0-301F-11D3-BF4B-00C04F79EFBC}") = "aplikacja-konsolowa", "aplikacja-konsolowa.csproj", "{7063BECF-02D3-4358-8CF6-DD3BA15F3D34}"
EndProject
Global
	GlobalSection(SolutionConfigurationPlatforms) = preSolution
		Debug|Any CPU = Debug|Any CPU
		Release|Any CPU = Release|Any CPU
	EndGlobalSection
	GlobalSection(ProjectConfigurationPlatforms) = postSolution
		{7063BECF-02D3-4358-8CF6-DD3BA15F3D34}.Debug|Any CPU.ActiveCfg = Debug|Any CPU
		{7063BECF-02D3-4358-8CF6-DD3BA15F3D34}.Debug|Any CPU.Build.0 = Debug|Any CPU
		{7063BECF-02D3-4358-8CF6-DD3BA15F3D34}.Release|Any CPU.ActiveCfg = Release|Any CPU
		{7063BECF-02D3-4358-8CF6-DD3BA15F3D34}.Release|Any CPU.Build.0 = Release|Any CPU
	EndGlobalSection
	GlobalSection(SolutionProperties) = preSolution
		HideSolutionNode = FALSE
	EndGlobalSection
	GlobalSection(ExtensibilityGlobals) = postSolution
		SolutionGuid = {743696CE-4319-4CEA-80E2-6AB75F891DB3}
	EndGlobalSection
EndGlobal
