
Microsoft Visual Studio Solution File, Format Version 12.00
# Visual Studio Version 17
VisualStudioVersion = 17.8.34330.188
MinimumVisualStudioVersion = 10.0.40219.1
Project("{FAE04EC0-301F-11D3-BF4B-00C04F79EFBC}") = "aplikacjaDesktopowa", "aplikacjaDesktopowa.csproj", "{0DF0B965-6105-48B0-8899-E409DAE99DDF}"
EndProject
Global
	GlobalSection(SolutionConfigurationPlatforms) = preSolution
		Debug|Any CPU = Debug|Any CPU
		Release|Any CPU = Release|Any CPU
	EndGlobalSection
	GlobalSection(ProjectConfigurationPlatforms) = postSolution
		{0DF0B965-6105-48B0-8899-E409DAE99DDF}.Debug|Any CPU.ActiveCfg = Debug|Any CPU
		{0DF0B965-6105-48B0-8899-E409DAE99DDF}.Debug|Any CPU.Build.0 = Debug|Any CPU
		{0DF0B965-6105-48B0-8899-E409DAE99DDF}.Release|Any CPU.ActiveCfg = Release|Any CPU
		{0DF0B965-6105-48B0-8899-E409DAE99DDF}.Release|Any CPU.Build.0 = Release|Any CPU
	EndGlobalSection
	GlobalSection(SolutionProperties) = preSolution
		HideSolutionNode = FALSE
	EndGlobalSection
	GlobalSection(ExtensibilityGlobals) = postSolution
		SolutionGuid = {136C5E96-5EE7-40DF-8FF7-36A02A754488}
	EndGlobalSection
EndGlobal
