
Microsoft Visual Studio Solution File, Format Version 12.00
# Visual Studio Version 17
VisualStudioVersion = 17.8.34330.188
MinimumVisualStudioVersion = 10.0.40219.1
Project("{FAE04EC0-301F-11D3-BF4B-00C04F79EFBC}") = "aplikacja-konsolowa", "aplikacja-konsolowa.csproj", "{ED9F4790-353A-42F6-B227-8A395F065BF1}"
EndProject
Global
	GlobalSection(SolutionConfigurationPlatforms) = preSolution
		Debug|Any CPU = Debug|Any CPU
		Release|Any CPU = Release|Any CPU
	EndGlobalSection
	GlobalSection(ProjectConfigurationPlatforms) = postSolution
		{ED9F4790-353A-42F6-B227-8A395F065BF1}.Debug|Any CPU.ActiveCfg = Debug|Any CPU
		{ED9F4790-353A-42F6-B227-8A395F065BF1}.Debug|Any CPU.Build.0 = Debug|Any CPU
		{ED9F4790-353A-42F6-B227-8A395F065BF1}.Release|Any CPU.ActiveCfg = Release|Any CPU
		{ED9F4790-353A-42F6-B227-8A395F065BF1}.Release|Any CPU.Build.0 = Release|Any CPU
	EndGlobalSection
	GlobalSection(SolutionProperties) = preSolution
		HideSolutionNode = FALSE
	EndGlobalSection
	GlobalSection(ExtensibilityGlobals) = postSolution
		SolutionGuid = {E38FB6B2-EDD8-4E4E-AFAA-87DDC766C004}
	EndGlobalSection
EndGlobal
