
Microsoft Visual Studio Solution File, Format Version 12.00
# Visual Studio Version 17
VisualStudioVersion = 17.8.34330.188
MinimumVisualStudioVersion = 10.0.40219.1
Project("{FAE04EC0-301F-11D3-BF4B-00C04F79EFBC}") = "aplikacja-konsolowa", "aplikacja-konsolowa.csproj", "{46D386E5-9AB7-4333-A9EE-00B6C2605973}"
EndProject
Global
	GlobalSection(SolutionConfigurationPlatforms) = preSolution
		Debug|Any CPU = Debug|Any CPU
		Release|Any CPU = Release|Any CPU
	EndGlobalSection
	GlobalSection(ProjectConfigurationPlatforms) = postSolution
		{46D386E5-9AB7-4333-A9EE-00B6C2605973}.Debug|Any CPU.ActiveCfg = Debug|Any CPU
		{46D386E5-9AB7-4333-A9EE-00B6C2605973}.Debug|Any CPU.Build.0 = Debug|Any CPU
		{46D386E5-9AB7-4333-A9EE-00B6C2605973}.Release|Any CPU.ActiveCfg = Release|Any CPU
		{46D386E5-9AB7-4333-A9EE-00B6C2605973}.Release|Any CPU.Build.0 = Release|Any CPU
	EndGlobalSection
	GlobalSection(SolutionProperties) = preSolution
		HideSolutionNode = FALSE
	EndGlobalSection
	GlobalSection(ExtensibilityGlobals) = postSolution
		SolutionGuid = {36E0519D-E951-4C00-B416-222C8C62CE47}
	EndGlobalSection
EndGlobal
