
Microsoft Visual Studio Solution File, Format Version 12.00
# Visual Studio Version 17
VisualStudioVersion = 17.8.34330.188
MinimumVisualStudioVersion = 10.0.40219.1
Project("{FAE04EC0-301F-11D3-BF4B-00C04F79EFBC}") = "sortowanie-poprzez-wstawienie", "sortowanie-poprzez-wstawienie.csproj", "{CCE830C6-E7B8-45AE-A235-7A2822C66712}"
EndProject
Global
	GlobalSection(SolutionConfigurationPlatforms) = preSolution
		Debug|Any CPU = Debug|Any CPU
		Release|Any CPU = Release|Any CPU
	EndGlobalSection
	GlobalSection(ProjectConfigurationPlatforms) = postSolution
		{CCE830C6-E7B8-45AE-A235-7A2822C66712}.Debug|Any CPU.ActiveCfg = Debug|Any CPU
		{CCE830C6-E7B8-45AE-A235-7A2822C66712}.Debug|Any CPU.Build.0 = Debug|Any CPU
		{CCE830C6-E7B8-45AE-A235-7A2822C66712}.Release|Any CPU.ActiveCfg = Release|Any CPU
		{CCE830C6-E7B8-45AE-A235-7A2822C66712}.Release|Any CPU.Build.0 = Release|Any CPU
	EndGlobalSection
	GlobalSection(SolutionProperties) = preSolution
		HideSolutionNode = FALSE
	EndGlobalSection
	GlobalSection(ExtensibilityGlobals) = postSolution
		SolutionGuid = {B965B2BD-BA45-4DB0-849B-8DFBAD98B3A6}
	EndGlobalSection
EndGlobal
